<?xml version="1.0" encoding="utf-8"?>
<Project ToolsVersion="4.0" xmlns="http://schemas.microsoft.com/developer/msbuild/2003">
  <ItemGroup>
    <Filter Include="Pliki źródłowe">
      <UniqueIdentifier>{4FC737F1-C7A5-4376-A066-2A32D752A2FF}</UniqueIdentifier>
      <Extensions>cpp;c;cc;cxx;c++;cppm;ixx;def;odl;idl;hpj;bat;asm;asmx</Extensions>
    </Filter>
    <Filter Include="Pliki nagłówkowe">
      <UniqueIdentifier>{93995380-89BD-4b04-88EB-625FBE52EBFB}</UniqueIdentifier>
      <Extensions>h;hh;hpp;hxx;h++;hm;inl;inc;ipp;xsd</Extensions>
    </Filter>
    <Filter Include="Pliki nagłówkowe\presets">
      <UniqueIdentifier>{2BFC7E11-93A8-4BCD-A2C7-4D5E6F708017}</UniqueIdentifier>
    </Filter>
    <Filter Include="Pliki źródłowe\presets">
      <UniqueIdentifier>{3CDD8F22-A4B9-4CDE-B3D8-5E6F70819018}</UniqueIdentifier>
    </Filter>
    <Filter Include="Pliki nagłówkowe\types">
      <UniqueIdentifier>{4E1C3D55-1A8D-4F37-9C82-D6C2C1DAFA31}</UniqueIdentifier>
    </Filter>
    <Filter Include="Pliki źródłowe\types">
      <UniqueIdentifier>{8A0E6F22-9E51-471D-9F18-1C1F26B9A7B1}</UniqueIdentifier>
    </Filter>
    <Filter Include="Pliki nagłówkowe\engine">
      <UniqueIdentifier>{0C7BD2E1-86A4-44A0-A5D9-1C9E4D0A78A2}</UniqueIdentifier>
    </Filter>
    <Filter Include="Pliki źródłowe\engine">
      <UniqueIdentifier>{2D9B3FE9-3CCF-4B65-9D8E-7B4C2C2B8A66}</UniqueIdentifier>
    </Filter>
    <Filter Include="Pliki nagłówkowe\services">
      <UniqueIdentifier>{F1C9C3D3-2EE1-4C99-A1FA-1B0B2A3C4D5E}</UniqueIdentifier>
    </Filter>
    <Filter Include="Pliki źródłowe\services">
      <UniqueIdentifier>{6A7B8C9D-1E2F-3A4B-5C6D-7E8F9A0B1C2D}</UniqueIdentifier>
    </Filter>
    <Filter Include="Pliki nagłówkowe\scripting">
      <UniqueIdentifier>{A1B2C3D4-E5F6-7890-ABCD-EF1234567890}</UniqueIdentifier>
    </Filter>
    <Filter Include="Pliki nagłówkowe\scripting\core">
      <UniqueIdentifier>{C1D2E3F4-A5B6-7890-CDEF-1234567890AB}</UniqueIdentifier>
    </Filter>
    <Filter Include="Pliki nagłówkowe\scripting\runtime">
      <UniqueIdentifier>{D2E3F4A5-B6C7-8901-DEF0-234567890ABC}</UniqueIdentifier>
    </Filter>
    <Filter Include="Pliki nagłówkowe\scripting\bridge">
      <UniqueIdentifier>{E3F4A5B6-C7D8-9012-EF01-34567890ABCD}</UniqueIdentifier>
    </Filter>
    <Filter Include="Pliki nagłówkowe\scripting\handles">
      <UniqueIdentifier>{F4A5B6C7-D8E9-0123-F012-4567890ABCDE}</UniqueIdentifier>
    </Filter>
    <Filter Include="Pliki nagłówkowe\scripting\abi">
      <UniqueIdentifier>{A5B6C7D8-E9F0-1234-0123-567890ABCDEF}</UniqueIdentifier>
    </Filter>
    <Filter Include="Pliki źródłowe\scripting">
      <UniqueIdentifier>{B2C3D4E5-F6A7-8901-BCDE-F12345678901}</UniqueIdentifier>
    </Filter>
    <Filter Include="Pliki źródłowe\scripting\core">
      <UniqueIdentifier>{B6C7D8E9-F0A1-2345-1234-67890ABCDEF0}</UniqueIdentifier>
    </Filter>
    <Filter Include="Pliki źródłowe\scripting\runtime">
      <UniqueIdentifier>{C7D8E9F0-A1B2-3456-2345-7890ABCDEF01}</UniqueIdentifier>
    </Filter>
    <Filter Include="Pliki źródłowe\scripting\bridge">
      <UniqueIdentifier>{D8E9F0A1-B2C3-4567-3456-890ABCDEF012}</UniqueIdentifier>
    </Filter>
    <Filter Include="Pliki źródłowe\scripting\handles">
      <UniqueIdentifier>{E9F0A1B2-C3D4-5678-4567-90ABCDEF0123}</UniqueIdentifier>
    </Filter>
    <Filter Include="Pliki źródłowe\scripting\abi">
      <UniqueIdentifier>{F0A1B2C3-D4E5-6789-5678-0ABCDEF01234}</UniqueIdentifier>
    </Filter>
    <Filter Include="Pliki nagłówkowe\dumper">
      <UniqueIdentifier>{B5E91D02-4A7C-4D9E-9C3F-3A8B5E7C9D02}</UniqueIdentifier>
    </Filter>
    <Filter Include="Pliki źródłowe\dumper">
      <UniqueIdentifier>{8C4F2E11-AB7C-4FE3-9D11-2B6C7D8E9F03}</UniqueIdentifier>
    </Filter>
    <Filter Include="Pliki nagłówkowe\dumper\value_search">
      <UniqueIdentifier>{A11B22C3-D44E-4F55-8667-78899AABB001}</UniqueIdentifier>
    </Filter>
    <Filter Include="Pliki nagłówkowe\dumper\catalog">
      <UniqueIdentifier>{A11B22C3-D44E-4F55-8667-78899AABB002}</UniqueIdentifier>
    </Filter>
    <Filter Include="Pliki nagłówkowe\dumper\invoke">
      <UniqueIdentifier>{A11B22C3-D44E-4F55-8667-78899AABB003}</UniqueIdentifier>
    </Filter>
    <Filter Include="Pliki nagłówkowe\dumper\instances">
      <UniqueIdentifier>{A11B22C3-D44E-4F55-8667-78899AABB004}</UniqueIdentifier>
    </Filter>
    <Filter Include="Pliki nagłówkowe\dumper\export">
      <UniqueIdentifier>{A11B22C3-D44E-4F55-8667-78899AABB005}</UniqueIdentifier>
    </Filter>
    <Filter Include="Pliki źródłowe\dumper\value_search">
      <UniqueIdentifier>{B22C33D4-E55F-4667-9778-899AABBCC001}</UniqueIdentifier>
    </Filter>
    <Filter Include="Pliki źródłowe\dumper\catalog">
      <UniqueIdentifier>{B22C33D4-E55F-4667-9778-899AABBCC002}</UniqueIdentifier>
    </Filter>
    <Filter Include="Pliki źródłowe\dumper\invoke">
      <UniqueIdentifier>{B22C33D4-E55F-4667-9778-899AABBCC003}</UniqueIdentifier>
    </Filter>
    <Filter Include="Pliki źródłowe\dumper\instances">
      <UniqueIdentifier>{B22C33D4-E55F-4667-9778-899AABBCC004}</UniqueIdentifier>
    </Filter>
    <Filter Include="Pliki źródłowe\dumper\export">
      <UniqueIdentifier>{B22C33D4-E55F-4667-9778-899AABBCC005}</UniqueIdentifier>
    </Filter>
    <Filter Include="Pliki nagłówkowe\gui">
      <UniqueIdentifier>{1A2B3C4D-5E6F-7081-92A3-B4C5D6E7F801}</UniqueIdentifier>
    </Filter>
    <Filter Include="Pliki nagłówkowe\gui\app">
      <UniqueIdentifier>{2B3C4D5E-6F70-8192-A3B4-C5D6E7F80902}</UniqueIdentifier>
    </Filter>
    <Filter Include="Pliki nagłówkowe\gui\chrome">
      <UniqueIdentifier>{A1B2C3D4-E5F6-7081-92A3-B4C5D6E7F8A0}</UniqueIdentifier>
    </Filter>
    <Filter Include="Pliki nagłówkowe\gui\infra">
      <UniqueIdentifier>{3C4D5E6F-7081-92A3-B4C5-D6E7F8090313}</UniqueIdentifier>
    </Filter>
    <Filter Include="Pliki nagłówkowe\gui\views">
      <UniqueIdentifier>{4D5E6F70-8192-A3B4-C5D6-E7F8091424}</UniqueIdentifier>
    </Filter>
    <Filter Include="Pliki nagłówkowe\gui\state">
      <UniqueIdentifier>{5E6F7081-92A3-B4C5-D6E7-F809152535}</UniqueIdentifier>
    </Filter>
    <Filter Include="Pliki źródłowe\gui">
      <UniqueIdentifier>{6F708192-A3B4-C5D6-E7F8-0916253646}</UniqueIdentifier>
    </Filter>
    <Filter Include="Pliki źródłowe\gui\app">
      <UniqueIdentifier>{708192A3-B4C5-D6E7-F809-1626374757}</UniqueIdentifier>
    </Filter>
    <Filter Include="Pliki źródłowe\gui\chrome">
      <UniqueIdentifier>{B2C3D4E5-F607-8192-A3B4-C5D6E7F8A1B2}</UniqueIdentifier>
    </Filter>
    <Filter Include="Pliki źródłowe\gui\infra">
      <UniqueIdentifier>{8192A3B4-C5D6-E7F8-0916-2737485868}</UniqueIdentifier>
    </Filter>
    <Filter Include="Pliki źródłowe\gui\views">
      <UniqueIdentifier>{92A3B4C5-D6E7-F809-1627-3848596979}</UniqueIdentifier>
    </Filter>
    <Filter Include="Pliki źródłowe\gui\views\dock">
      <UniqueIdentifier>{B4C5D6E7-F809-1627-3848-5960718293}</UniqueIdentifier>
    </Filter>
    <Filter Include="Pliki nagłówkowe\gui\views\dock">
      <UniqueIdentifier>{C5D6E7F8-0916-2738-4959-6071829304}</UniqueIdentifier>
    </Filter>
    <Filter Include="Pliki nagłówkowe\gui\views\fields">
      <UniqueIdentifier>{CB0A2D23-9A09-40BE-BDB4-83261DB89C70}</UniqueIdentifier>
    </Filter>
    <Filter Include="Pliki źródłowe\gui\views\fields">
      <UniqueIdentifier>{49A96F7B-FD3A-4078-A43F-635DFB1D9DC3}</UniqueIdentifier>
    </Filter>
    <Filter Include="Pliki nagłówkowe\gui\views\sidebar">
      <UniqueIdentifier>{77777777-1111-4111-8111-777777777771}</UniqueIdentifier>
    </Filter>
    <Filter Include="Pliki źródłowe\gui\views\sidebar">
      <UniqueIdentifier>{77777777-2222-4222-8222-777777777772}</UniqueIdentifier>
    </Filter>
    <Filter Include="Pliki nagłówkowe\gui\views\inspector">
      <UniqueIdentifier>{88888888-1111-4111-8111-888888888881}</UniqueIdentifier>
    </Filter>
    <Filter Include="Pliki źródłowe\gui\views\inspector">
      <UniqueIdentifier>{88888888-2222-4222-8222-888888888882}</UniqueIdentifier>
    </Filter>
    <Filter Include="Pliki nagłówkowe\gui\views\transform">
      <UniqueIdentifier>{99999999-1111-4111-8111-999999999991}</UniqueIdentifier>
    </Filter>
    <Filter Include="Pliki źródłowe\gui\views\transform">
      <UniqueIdentifier>{99999999-2222-4222-8222-999999999992}</UniqueIdentifier>
    </Filter>
    <Filter Include="Pliki źródłowe\gui\state">
      <UniqueIdentifier>{A3B4C5D6-E7F8-0916-2738-4959607080}</UniqueIdentifier>
    </Filter>
    <Filter Include="Pliki nagłówkowe\gui\state\core">
      <UniqueIdentifier>{11111111-1111-4111-8111-111111111111}</UniqueIdentifier>
    </Filter>
    <Filter Include="Pliki źródłowe\gui\state\core">
      <UniqueIdentifier>{11111111-2222-4222-8222-111111111111}</UniqueIdentifier>
    </Filter>
    <Filter Include="Pliki nagłówkowe\gui\state\navigation">
      <UniqueIdentifier>{22222222-1111-4111-8111-222222222222}</UniqueIdentifier>
    </Filter>
    <Filter Include="Pliki źródłowe\gui\state\navigation">
      <UniqueIdentifier>{22222222-2222-4222-8222-222222222222}</UniqueIdentifier>
    </Filter>
    <Filter Include="Pliki nagłówkowe\gui\state\history">
      <UniqueIdentifier>{33333333-1111-4111-8111-333333333333}</UniqueIdentifier>
    </Filter>
    <Filter Include="Pliki źródłowe\gui\state\history">
      <UniqueIdentifier>{33333333-2222-4222-8222-333333333333}</UniqueIdentifier>
    </Filter>
    <Filter Include="Pliki nagłówkowe\gui\state\fields">
      <UniqueIdentifier>{44444444-1111-4111-8111-444444444444}</UniqueIdentifier>
    </Filter>
    <Filter Include="Pliki źródłowe\gui\state\fields">
      <UniqueIdentifier>{44444444-2222-4222-8222-444444444444}</UniqueIdentifier>
    </Filter>
    <Filter Include="Pliki nagłówkowe\gui\state\runtime">
      <UniqueIdentifier>{55555555-1111-4111-8111-555555555555}</UniqueIdentifier>
    </Filter>
    <Filter Include="Pliki źródłowe\gui\state\runtime">
      <UniqueIdentifier>{55555555-2222-4222-8222-555555555555}</UniqueIdentifier>
    </Filter>
    <Filter Include="Pliki nagłówkowe\gui\state\transform">
      <UniqueIdentifier>{66666666-1111-4111-8111-666666666666}</UniqueIdentifier>
    </Filter>
    <Filter Include="Pliki źródłowe\gui\state\transform">
      <UniqueIdentifier>{66666666-2222-4222-8222-666666666666}</UniqueIdentifier>
    </Filter>
    <Filter Include="Pliki dokumentów">
      <UniqueIdentifier>{67DA6AB6-F800-4c08-8B7A-83BB121AAD01}</UniqueIdentifier>
      <Extensions>rc;ico;cur;bmp;dlg;rc2;rct;bin;rgs;gif;jpg;jpeg;jpe;resx;tiff;tif;png;wav;mfcribbon-ms</Extensions>
    </Filter>
    <Filter Include="Pliki dokumentów\docs">
      <UniqueIdentifier>{B7C8D9E0-F1A2-4356-8790-ABCDEF012345}</UniqueIdentifier>
    </Filter>
    <Filter Include="Pliki dokumentów\docs\overview">
      <UniqueIdentifier>{052fcaf3-2f2a-44de-892a-7a5485375ca7}</UniqueIdentifier>
    </Filter>
    <Filter Include="Pliki dokumentów\docs\examples">
      <UniqueIdentifier>{C8D9E0F1-A2B3-4567-8901-234567890ABC}</UniqueIdentifier>
    </Filter>
    <Filter Include="Pliki dokumentów\docs\examples\packages">
      <UniqueIdentifier>{A1EE73FC-79C2-4F37-A32D-70A5B4A5CC24}</UniqueIdentifier>
    </Filter>
    <Filter Include="Pliki dokumentów\docs\examples\packages\curated-offset-read">
      <UniqueIdentifier>{A9CFA93A-4E34-4FD0-90AA-D0335EAF6D9C}</UniqueIdentifier>
    </Filter>
    <Filter Include="Pliki dokumentów\docs\examples\packages\field-watcher">
      <UniqueIdentifier>{8FA80795-6F5F-4A67-83DA-B7C823F15EA0}</UniqueIdentifier>
    </Filter>
    <Filter Include="Pliki dokumentów\docs\examples\packages\heal-below-threshold">
      <UniqueIdentifier>{BB5AB706-15F2-438D-B58C-6EA11AA0D356}</UniqueIdentifier>
    </Filter>
    <Filter Include="Pliki dokumentów\docs\examples\packages\invoke-method">
      <UniqueIdentifier>{7E4EF9A2-460E-47F7-BB5F-4DC1C5D8E0BA}</UniqueIdentifier>
    </Filter>
    <Filter Include="Pliki dokumentów\docs\examples\packages\list-instances">
      <UniqueIdentifier>{C84E9E43-FCC6-4EF1-9E4E-8142FB0D1D54}</UniqueIdentifier>
    </Filter>
    <Filter Include="Pliki dokumentów\docs\examples\packages\metadata-lookup">
      <UniqueIdentifier>{FAFF0CCF-969E-40C7-A163-C9A4D3BA0B8C}</UniqueIdentifier>
    </Filter>
    <Filter Include="Pliki dokumentów\docs\scripting">
      <UniqueIdentifier>{D5E6F7A8-B9C0-1234-5678-90ABCDEF0123}</UniqueIdentifier>
    </Filter>
    <Filter Include="Pliki dokumentów\docs\scripting\archive">
      <UniqueIdentifier>{E6F7A8B9-C0D1-2345-6789-0ABCDEF01234}</UniqueIdentifier>
    </Filter>
    <Filter Include="Pliki dokumentów\docs\scripting\archive\sprints">
      <UniqueIdentifier>{F7A8B9C0-D1E2-3456-7890-ABCDEF012345}</UniqueIdentifier>
    </Filter>
    <Filter Include="Pliki źródłowe\presets\sara">
      <UniqueIdentifier>{35599bb0-7ab8-4574-aefb-183b72e08ebe}</UniqueIdentifier>
    </Filter>
  </ItemGroup>
  <ItemGroup>
    <ClInclude Include="include\framework.h">
      <Filter>Pliki nagłówkowe</Filter>
    </ClInclude>
    <ClInclude Include="include\services\application_quit_hook.h">
      <Filter>Pliki nagłówkowe\services</Filter>
    </ClInclude>
    <ClInclude Include="include\services\bootstrap_log.h">
      <Filter>Pliki nagłówkowe\services</Filter>
    </ClInclude>
    <ClInclude Include="include\services\mcp_server.h">
      <Filter>Pliki nagłówkowe\services</Filter>
    </ClInclude>
    <ClInclude Include="include\services\module_path.h">
      <Filter>Pliki nagłówkowe\services</Filter>
    </ClInclude>
    <ClInclude Include="include\services\hook_installer.h">
      <Filter>Pliki nagłówkowe\services</Filter>
    </ClInclude>
    <ClInclude Include="include\services\call_log_types.h">
      <Filter>Pliki nagłówkowe\services</Filter>
    </ClInclude>
    <ClInclude Include="include\services\call_log_hooks.h">
      <Filter>Pliki nagłówkowe\services</Filter>
    </ClInclude>
    <ClInclude Include="include\build_config.h">
      <Filter>Pliki nagłówkowe</Filter>
    </ClInclude>
    <ClInclude Include="include\pch.h">
      <Filter>Pliki nagłówkowe</Filter>
    </ClInclude>
    <ClInclude Include="include\scripting\script_engine.h">
      <Filter>Pliki nagłówkowe\scripting</Filter>
    </ClInclude>
    <ClInclude Include="include\scripting\core\script_result.h">
      <Filter>Pliki nagłówkowe\scripting\core</Filter>
    </ClInclude>
    <ClInclude Include="include\scripting\core\script_context.h">
      <Filter>Pliki nagłówkowe\scripting\core</Filter>
    </ClInclude>
    <ClInclude Include="include\scripting\core\script_sandbox.h">
      <Filter>Pliki nagłówkowe\scripting\core</Filter>
    </ClInclude>
    <ClInclude Include="include\scripting\core\script_path_util.h">
      <Filter>Pliki nagłówkowe\scripting\core</Filter>
    </ClInclude>
    <ClInclude Include="include\scripting\core\script_audit.h">
      <Filter>Pliki nagłówkowe\scripting\core</Filter>
    </ClInclude>
    <ClInclude Include="include\scripting\core\script_error_boundary.h">
      <Filter>Pliki nagłówkowe\scripting\core</Filter>
    </ClInclude>
    <ClInclude Include="include\scripting\runtime\script_runtime.h">
      <Filter>Pliki nagłówkowe\scripting\runtime</Filter>
    </ClInclude>
    <ClInclude Include="include\scripting\runtime\luajit_runtime_internal.h">
      <Filter>Pliki nagłówkowe\scripting\runtime</Filter>
    </ClInclude>
    <ClInclude Include="include\scripting\bridge\script_value.h">
      <Filter>Pliki nagłówkowe\scripting\bridge</Filter>
    </ClInclude>
    <ClInclude Include="include\scripting\bridge\script_value_format.h">
      <Filter>Pliki nagłówkowe\scripting\bridge</Filter>
    </ClInclude>
    <ClInclude Include="include\scripting\bridge\lua_host_context.h">
      <Filter>Pliki nagłówkowe\scripting\bridge</Filter>
    </ClInclude>
    <ClInclude Include="include\scripting\bridge\lua_proxy.h">
      <Filter>Pliki nagłówkowe\scripting\bridge</Filter>
    </ClInclude>
    <ClInclude Include="include\scripting\bridge\script_command.h">
      <Filter>Pliki nagłówkowe\scripting\bridge</Filter>
    </ClInclude>
    <ClInclude Include="include\scripting\bridge\script_bridge.h">
      <Filter>Pliki nagłówkowe\scripting\bridge</Filter>
    </ClInclude>
    <ClInclude Include="include\scripting\bridge\script_reflection_api.h">
      <Filter>Pliki nagłówkowe\scripting\bridge</Filter>
    </ClInclude>
    <ClInclude Include="include\scripting\handles\script_handles.h">
      <Filter>Pliki nagłówkowe\scripting\handles</Filter>
    </ClInclude>
    <ClInclude Include="include\scripting\handles\script_handle_registry.h">
      <Filter>Pliki nagłówkowe\scripting\handles</Filter>
    </ClInclude>
    <ClInclude Include="include\scripting\abi\script_abi.h">
      <Filter>Pliki nagłówkowe\scripting\abi</Filter>
    </ClInclude>
    <ClInclude Include="include\presets\hook_preset.h">
      <Filter>Pliki nagłówkowe\presets</Filter>
    </ClInclude>
    <ClInclude Include="include\unity_resolver.h">
      <Filter>Pliki nagłówkowe</Filter>
    </ClInclude>
    <ClInclude Include="include\engine\unity_exports.h">
      <Filter>Pliki nagłówkowe\engine</Filter>
    </ClInclude>
    <ClInclude Include="include\engine\unity_module.h">
      <Filter>Pliki nagłówkowe\engine</Filter>
    </ClInclude>
    <ClInclude Include="include\engine\image_enumerator.h">
      <Filter>Pliki nagłówkowe\engine</Filter>
    </ClInclude>
    <ClInclude Include="include\engine\reflection.h">
      <Filter>Pliki nagłówkowe\engine</Filter>
    </ClInclude>
    <ClInclude Include="include\engine\runtime_invoke.h">
      <Filter>Pliki nagłówkowe\engine</Filter>
    </ClInclude>
    <ClInclude Include="include\dumper\catalog\object_identity.h">
      <Filter>Pliki nagłówkowe\dumper\catalog</Filter>
    </ClInclude>
    <ClInclude Include="include\dumper\catalog\class_catalog.h">
      <Filter>Pliki nagłówkowe\dumper\catalog</Filter>
    </ClInclude>
    <ClInclude Include="include\dumper\catalog\method_catalog.h">
      <Filter>Pliki nagłówkowe\dumper\catalog</Filter>
    </ClInclude>
    <ClInclude Include="include\dumper\catalog\field_catalog.h">
      <Filter>Pliki nagłówkowe\dumper\catalog</Filter>
    </ClInclude>
    <ClInclude Include="include\dumper\instances\collection_view.h">
      <Filter>Pliki nagłówkowe\dumper\instances</Filter>
    </ClInclude>
    <ClInclude Include="include\dumper\instances\static_instance_finder.h">
      <Filter>Pliki nagłówkowe\dumper\instances</Filter>
    </ClInclude>
    <ClInclude Include="include\dumper\instances\live_object_finder.h">
      <Filter>Pliki nagłówkowe\dumper\instances</Filter>
    </ClInclude>
    <ClInclude Include="include\dumper\value_search\value_search_scanner.h">
      <Filter>Pliki nagłówkowe\dumper\value_search</Filter>
    </ClInclude>
    <ClInclude Include="include\dumper\value_search\value_search_value_passes.h">
      <Filter>Pliki nagłówkowe\dumper\value_search</Filter>
    </ClInclude>
    <ClInclude Include="include\dumper\value_search\value_search_scan_expand.h">
      <Filter>Pliki nagłówkowe\dumper\value_search</Filter>
    </ClInclude>
    <ClInclude Include="include\dumper\value_search\value_search_schema_cache.h">
      <Filter>Pliki nagłówkowe\dumper\value_search</Filter>
    </ClInclude>
    <ClInclude Include="include\dumper\value_search\value_search_match.h">
      <Filter>Pliki nagłówkowe\dumper\value_search</Filter>
    </ClInclude>
    <ClInclude Include="include\dumper\value_search\value_search_nested_leaves.h">
      <Filter>Pliki nagłówkowe\dumper\value_search</Filter>
    </ClInclude>
    <ClInclude Include="include\dumper\value_search\value_search_element_leaves.h">
      <Filter>Pliki nagłówkowe\dumper\value_search</Filter>
    </ClInclude>
    <ClInclude Include="include\dumper\value_search\value_search_ptr_follow.h">
      <Filter>Pliki nagłówkowe\dumper\value_search</Filter>
    </ClInclude>
    <ClInclude Include="include\types\value_search_schema.h">
      <Filter>Pliki nagłówkowe\types</Filter>
    </ClInclude>
    <ClInclude Include="include\dumper\invoke\method_invoker.h">
      <Filter>Pliki nagłówkowe\dumper\invoke</Filter>
    </ClInclude>
    <ClInclude Include="include\dumper\invoke\invoke_param_policy.h">
      <Filter>Pliki nagłówkowe\dumper\invoke</Filter>
    </ClInclude>
    <ClInclude Include="include\gui\control_panel.h">
      <Filter>Pliki nagłówkowe\gui</Filter>
    </ClInclude>
    <ClInclude Include="include\gui\chrome\ui_icons.h">
      <Filter>Pliki nagłówkowe\gui\chrome</Filter>
    </ClInclude>
    <ClInclude Include="include\gui\chrome\ui_theme.h">
      <Filter>Pliki nagłówkowe\gui\chrome</Filter>
    </ClInclude>
    <ClInclude Include="include\unity_dumper.h">
      <Filter>Pliki nagłówkowe</Filter>
    </ClInclude>
    <ClInclude Include="include\services\main_thread_dispatcher.h">
      <Filter>Pliki nagłówkowe\services</Filter>
    </ClInclude>
    <ClInclude Include="include\gui\session_state.h">
      <Filter>Pliki nagłówkowe\gui</Filter>
    </ClInclude>
    <ClInclude Include="include\gui\window.h">
      <Filter>Pliki nagłówkowe\gui</Filter>
    </ClInclude>
    <ClInclude Include="include\gui\config.h">
      <Filter>Pliki nagłówkowe\gui</Filter>
    </ClInclude>
    <ClInclude Include="include\types\dumper_types.h">
      <Filter>Pliki nagłówkowe\types</Filter>
    </ClInclude>
    <ClInclude Include="include\types\memory_guard.h">
      <Filter>Pliki nagłówkowe\types</Filter>
    </ClInclude>
    <ClInclude Include="include\types\unity_array_layout.h">
      <Filter>Pliki nagłówkowe\types</Filter>
    </ClInclude>
    <ClInclude Include="include\types\type_classifier.h">
      <Filter>Pliki nagłówkowe\types</Filter>
    </ClInclude>
    <ClInclude Include="include\types\known_unity_types.h">
      <Filter>Pliki nagłówkowe\types</Filter>
    </ClInclude>
    <ClInclude Include="include\types\name_fuzzy.h">
      <Filter>Pliki nagłówkowe\types</Filter>
    </ClInclude>
    <ClInclude Include="include\types\value_search_types.h">
      <Filter>Pliki nagłówkowe\types</Filter>
    </ClInclude>
    <ClInclude Include="include\types\value_decoder.h">
      <Filter>Pliki nagłówkowe\types</Filter>
    </ClInclude>
    <ClInclude Include="include\types\value_writer.h">
      <Filter>Pliki nagłówkowe\types</Filter>
    </ClInclude>
    <ClInclude Include="include\gui\infra\imgui_context_guard.h">
      <Filter>Pliki nagłówkowe\gui\infra</Filter>
    </ClInclude>
    <ClInclude Include="include\gui\infra\dx11_renderer.h">
      <Filter>Pliki nagłówkowe\gui\infra</Filter>
    </ClInclude>
    <ClInclude Include="include\gui\infra\message_pump.h">
      <Filter>Pliki nagłówkowe\gui\infra</Filter>
    </ClInclude>
    <ClInclude Include="include\gui\infra\search_filter.h">
      <Filter>Pliki nagłówkowe\gui\infra</Filter>
    </ClInclude>
    <ClInclude Include="include\gui\app\app_shell.h">
      <Filter>Pliki nagłówkowe\gui\app</Filter>
    </ClInclude>
    <ClInclude Include="include\gui\views\sidebar\image_picker.h">
      <Filter>Pliki nagłówkowe\gui\views\sidebar</Filter>
    </ClInclude>
    <ClInclude Include="include\gui\views\sidebar\class_browser.h">
      <Filter>Pliki nagłówkowe\gui\views\sidebar</Filter>
    </ClInclude>
    <ClInclude Include="include\gui\views\sidebar\search_browser.h">
      <Filter>Pliki nagłówkowe\gui\views\sidebar</Filter>
    </ClInclude>
    <ClInclude Include="include\gui\views\sidebar\methods_browser.h">
      <Filter>Pliki nagłówkowe\gui\views\sidebar</Filter>
    </ClInclude>
    <ClInclude Include="include\gui\views\sidebar\class_label_lookup.h">
      <Filter>Pliki nagłówkowe\gui\views\sidebar</Filter>
    </ClInclude>
    <ClInclude Include="include\gui\views\inspector\inspector_frame.h">
      <Filter>Pliki nagłówkowe\gui\views\inspector</Filter>
    </ClInclude>
    <ClInclude Include="include\gui\views\inspector\breadcrumb_bar.h">
      <Filter>Pliki nagłówkowe\gui\views\inspector</Filter>
    </ClInclude>
    <ClInclude Include="include\gui\views\copy_feedback_state.h">
      <Filter>Pliki nagłówkowe\gui\views</Filter>
    </ClInclude>
    <ClInclude Include="include\gui\views\inspector\dispatch_status.h">
      <Filter>Pliki nagłówkowe\gui\views\inspector</Filter>
    </ClInclude>
    <ClInclude Include="include\gui\views\inspector\methods_tab.h">
      <Filter>Pliki nagłówkowe\gui\views\inspector</Filter>
    </ClInclude>
    <ClInclude Include="include\gui\views\inspector\invoke_args_modal.h">
      <Filter>Pliki nagłówkowe\gui\views\inspector</Filter>
    </ClInclude>
    <ClInclude Include="include\gui\views\inspector\fields_tab.h">
      <Filter>Pliki nagłówkowe\gui\views\inspector</Filter>
    </ClInclude>
    <ClInclude Include="include\gui\views\inspector\analysis_tab.h">
      <Filter>Pliki nagłówkowe\gui\views\inspector</Filter>
    </ClInclude>
    <ClInclude Include="include\gui\views\fields\field_analysis_toolbar.h">
      <Filter>Pliki nagłówkowe\gui\views\fields</Filter>
    </ClInclude>
    <ClInclude Include="include\gui\views\fields\field_compare_modal.h">
      <Filter>Pliki nagłówkowe\gui\views\fields</Filter>
    </ClInclude>
    <ClInclude Include="include\gui\views\fields\field_edit_cells.h">
      <Filter>Pliki nagłówkowe\gui\views\fields</Filter>
    </ClInclude>
    <ClInclude Include="include\gui\views\dock\exporter_tab.h">
      <Filter>Pliki nagłówkowe\gui\views\dock</Filter>
    </ClInclude>
    <ClInclude Include="include\gui\views\transform\transform_editor_panel.h">
      <Filter>Pliki nagłówkowe\gui\views\transform</Filter>
    </ClInclude>
    <ClInclude Include="include\gui\views\transform\transform_sources_panel.h">
      <Filter>Pliki nagłówkowe\gui\views\transform</Filter>
    </ClInclude>
    <ClInclude Include="include\gui\views\transform\transform_tab.h">
      <Filter>Pliki nagłówkowe\gui\views\transform</Filter>
    </ClInclude>
    <ClInclude Include="include\gui\state\core\image_cache_model.h">
      <Filter>Pliki nagłówkowe\gui\state\core</Filter>
    </ClInclude>
    <ClInclude Include="include\gui\state\core\class_cache_model.h">
      <Filter>Pliki nagłówkowe\gui\state\core</Filter>
    </ClInclude>
    <ClInclude Include="include\gui\state\core\inspector_model.h">
      <Filter>Pliki nagłówkowe\gui\state\core</Filter>
    </ClInclude>
    <ClInclude Include="include\gui\state\core\edit_buffer_store.h">
      <Filter>Pliki nagłówkowe\gui\state\core</Filter>
    </ClInclude>
    <ClInclude Include="include\gui\state\core\enum_literal_cache.h">
      <Filter>Pliki nagłówkowe\gui\state\core</Filter>
    </ClInclude>
    <ClInclude Include="include\gui\state\navigation\walker_controller.h">
      <Filter>Pliki nagłówkowe\gui\state\navigation</Filter>
    </ClInclude>
    <ClInclude Include="include\gui\state\runtime\invoke_request_queue.h">
      <Filter>Pliki nagłówkowe\gui\state\runtime</Filter>
    </ClInclude>
    <ClInclude Include="include\gui\state\runtime\async_loader_set.h">
      <Filter>Pliki nagłówkowe\gui\state\runtime</Filter>
    </ClInclude>
    <ClInclude Include="include\gui\views\dock\watcher_tab.h">
      <Filter>Pliki nagłówkowe\gui\views\dock</Filter>
    </ClInclude>
    <ClInclude Include="include\gui\views\dock\call_logger_tab.h">
      <Filter>Pliki nagłówkowe\gui\views\dock</Filter>
    </ClInclude>
    <ClInclude Include="include\gui\views\dock\bookmarks_tab.h">
      <Filter>Pliki nagłówkowe\gui\views\dock</Filter>
    </ClInclude>
    <ClInclude Include="include\gui\views\dock\history_tab.h">
      <Filter>Pliki nagłówkowe\gui\views\dock</Filter>
    </ClInclude>
    <ClInclude Include="include\gui\views\dock\navigation_status_banner.h">
      <Filter>Pliki nagłówkowe\gui\views\dock</Filter>
    </ClInclude>
    <ClInclude Include="include\gui\views\dock\utilities_dock.h">
      <Filter>Pliki nagłówkowe\gui\views\dock</Filter>
    </ClInclude>
    <ClInclude Include="include\gui\views\dock\scripting_tab.h">
      <Filter>Pliki nagłówkowe\gui\views\dock</Filter>
    </ClInclude>
    <ClInclude Include="include\gui\state\navigation\history_steady_time.h">
      <Filter>Pliki nagłówkowe\gui\state\navigation</Filter>
    </ClInclude>
    <ClInclude Include="include\gui\state\navigation\history_validation.h">
      <Filter>Pliki nagłówkowe\gui\state\navigation</Filter>
    </ClInclude>
    <ClInclude Include="include\gui\state\fields\field_path_resolver.h">
      <Filter>Pliki nagłówkowe\gui\state\fields</Filter>
    </ClInclude>
    <ClInclude Include="include\gui\state\fields\field_snapshot_model.h">
      <Filter>Pliki nagłówkowe\gui\state\fields</Filter>
    </ClInclude>
    <ClInclude Include="include\gui\state\fields\field_watch_model.h">
      <Filter>Pliki nagłówkowe\gui\state\fields</Filter>
    </ClInclude>
    <ClInclude Include="include\gui\state\fields\value_search_model.h">
      <Filter>Pliki nagłówkowe\gui\state\fields</Filter>
    </ClInclude>
    <ClInclude Include="include\gui\state\runtime\call_log_model.h">
      <Filter>Pliki nagłówkowe\gui\state\runtime</Filter>
    </ClInclude>
    <ClInclude Include="include\gui\state\runtime\script_model.h">
      <Filter>Pliki nagłówkowe\gui\state\runtime</Filter>
    </ClInclude>
    <ClInclude Include="include\gui\state\runtime\method_search_model.h">
      <Filter>Pliki nagłówkowe\gui\state\runtime</Filter>
    </ClInclude>
    <ClInclude Include="include\gui\state\runtime\session_persist.h">
      <Filter>Pliki nagłówkowe\gui\state\runtime</Filter>
    </ClInclude>
    <ClInclude Include="include\gui\state\transform\transform_internal.h">
      <Filter>Pliki nagłówkowe\gui\state\transform</Filter>
    </ClInclude>
    <ClInclude Include="include\gui\state\transform\transform_model.h">
      <Filter>Pliki nagłówkowe\gui\state\transform</Filter>
    </ClInclude>
    <ClInclude Include="include\gui\state\history\inspector_bookmarks_model.h">
      <Filter>Pliki nagłówkowe\gui\state\history</Filter>
    </ClInclude>
    <ClInclude Include="include\gui\state\history\inspector_history_model.h">
      <Filter>Pliki nagłówkowe\gui\state\history</Filter>
    </ClInclude>
    <ClInclude Include="include\gui\state\history\inspector_history_types.h">
      <Filter>Pliki nagłówkowe\gui\state\history</Filter>
    </ClInclude>
    <ClInclude Include="include\gui\state\navigation\inspector_navigation_snapshot.h">
      <Filter>Pliki nagłówkowe\gui\state\navigation</Filter>
    </ClInclude>
    <ClInclude Include="include\gui\state\navigation\inspector_navigation_feedback.h">
      <Filter>Pliki nagłówkowe\gui\state\navigation</Filter>
    </ClInclude>
    <ClInclude Include="include\dumper\export\sdk_exporter.h">
      <Filter>Pliki nagłówkowe\dumper\export</Filter>
    </ClInclude>
  </ItemGroup>
  <ItemGroup>
    <ClCompile Include="src\dllmain.cpp">
      <Filter>Pliki źródłowe</Filter>
    </ClCompile>
    <ClCompile Include="src\pch.cpp">
      <Filter>Pliki źródłowe</Filter>
    </ClCompile>
    <ClCompile Include="src\services\application_quit_hook.cpp">
      <Filter>Pliki źródłowe\services</Filter>
    </ClCompile>
    <ClCompile Include="src\services\bootstrap_log.cpp">
      <Filter>Pliki źródłowe\services</Filter>
    </ClCompile>
    <ClCompile Include="src\services\mcp_server.cpp">
      <Filter>Pliki źródłowe\services</Filter>
    </ClCompile>
    <ClCompile Include="src\services\module_path.cpp">
      <Filter>Pliki źródłowe\services</Filter>
    </ClCompile>
    <ClCompile Include="src\services\hook_installer.cpp">
      <Filter>Pliki źródłowe\services</Filter>
    </ClCompile>
    <ClCompile Include="src\services\call_log_types.cpp">
      <Filter>Pliki źródłowe\services</Filter>
    </ClCompile>
    <ClCompile Include="src\services\call_log_hooks.cpp">
      <Filter>Pliki źródłowe\services</Filter>
    </ClCompile>
    <ClCompile Include="src\scripting\script_engine.cpp">
      <Filter>Pliki źródłowe\scripting</Filter>
    </ClCompile>
    <ClCompile Include="src\scripting\core\script_result.cpp">
      <Filter>Pliki źródłowe\scripting\core</Filter>
    </ClCompile>
    <ClCompile Include="src\scripting\core\script_sandbox.cpp">
      <Filter>Pliki źródłowe\scripting\core</Filter>
    </ClCompile>
    <ClCompile Include="src\scripting\core\script_path_util.cpp">
      <Filter>Pliki źródłowe\scripting\core</Filter>
    </ClCompile>
    <ClCompile Include="src\scripting\core\script_error_boundary.cpp">
      <Filter>Pliki źródłowe\scripting\core</Filter>
    </ClCompile>
    <ClCompile Include="src\scripting\runtime\luajit_runtime.cpp">
      <Filter>Pliki źródłowe\scripting\runtime</Filter>
    </ClCompile>
    <ClCompile Include="src\scripting\runtime\lua_sandbox_bootstrap.cpp">
      <Filter>Pliki źródłowe\scripting\runtime</Filter>
    </ClCompile>
    <ClCompile Include="src\scripting\runtime\lua_require.cpp">
      <Filter>Pliki źródłowe\scripting\runtime</Filter>
    </ClCompile>
    <ClCompile Include="src\scripting\runtime\lua_callbacks.cpp">
      <Filter>Pliki źródłowe\scripting\runtime</Filter>
    </ClCompile>
    <ClCompile Include="src\scripting\bridge\script_command.cpp">
      <Filter>Pliki źródłowe\scripting\bridge</Filter>
    </ClCompile>
    <ClCompile Include="src\scripting\bridge\lua_host_context.cpp">
      <Filter>Pliki źródłowe\scripting\bridge</Filter>
    </ClCompile>
    <ClCompile Include="src\scripting\bridge\lua_proxy.cpp">
      <Filter>Pliki źródłowe\scripting\bridge</Filter>
    </ClCompile>
    <ClCompile Include="src\scripting\bridge\lua_ds_api.cpp">
      <Filter>Pliki źródłowe\scripting\bridge</Filter>
    </ClCompile>
    <ClCompile Include="src\scripting\bridge\lua_curated_api.cpp">
      <Filter>Pliki źródłowe\scripting\bridge</Filter>
    </ClCompile>
    <ClCompile Include="src\scripting\bridge\script_reflection_api.cpp">
      <Filter>Pliki źródłowe\scripting\bridge</Filter>
    </ClCompile>
    <ClCompile Include="src\scripting\bridge\script_reflection_lookup.cpp">
      <Filter>Pliki źródłowe\scripting\bridge</Filter>
    </ClCompile>
    <ClCompile Include="src\scripting\bridge\script_reflection_fields.cpp">
      <Filter>Pliki źródłowe\scripting\bridge</Filter>
    </ClCompile>
    <ClCompile Include="src\scripting\bridge\script_value_format.cpp">
      <Filter>Pliki źródłowe\scripting\bridge</Filter>
    </ClCompile>
    <ClCompile Include="src\scripting\bridge\script_reflection_invoke.cpp">
      <Filter>Pliki źródłowe\scripting\bridge</Filter>
    </ClCompile>
    <ClCompile Include="src\scripting\handles\script_handle_registry.cpp">
      <Filter>Pliki źródłowe\scripting\handles</Filter>
    </ClCompile>
    <ClCompile Include="src\scripting\abi\script_abi.cpp">
      <Filter>Pliki źródłowe\scripting\abi</Filter>
    </ClCompile>
    <ClCompile Include="src\unity_resolver.cpp">
      <Filter>Pliki źródłowe</Filter>
    </ClCompile>
    <ClCompile Include="src\engine\unity_module.cpp">
      <Filter>Pliki źródłowe\engine</Filter>
    </ClCompile>
    <ClCompile Include="src\engine\image_enumerator.cpp">
      <Filter>Pliki źródłowe\engine</Filter>
    </ClCompile>
    <ClCompile Include="src\engine\reflection.cpp">
      <Filter>Pliki źródłowe\engine</Filter>
    </ClCompile>
    <ClCompile Include="src\engine\runtime_invoke.cpp">
      <Filter>Pliki źródłowe\engine</Filter>
    </ClCompile>
    <ClCompile Include="src\dumper\catalog\object_identity.cpp">
      <Filter>Pliki źródłowe\dumper\catalog</Filter>
    </ClCompile>
    <ClCompile Include="src\dumper\catalog\class_catalog.cpp">
      <Filter>Pliki źródłowe\dumper\catalog</Filter>
    </ClCompile>
    <ClCompile Include="src\dumper\catalog\method_catalog.cpp">
      <Filter>Pliki źródłowe\dumper\catalog</Filter>
    </ClCompile>
    <ClCompile Include="src\dumper\catalog\field_catalog.cpp">
      <Filter>Pliki źródłowe\dumper\catalog</Filter>
    </ClCompile>
    <ClCompile Include="src\dumper\instances\collection_view.cpp">
      <Filter>Pliki źródłowe\dumper\instances</Filter>
    </ClCompile>
    <ClCompile Include="src\dumper\instances\static_instance_finder.cpp">
      <Filter>Pliki źródłowe\dumper\instances</Filter>
    </ClCompile>
    <ClCompile Include="src\dumper\instances\live_object_finder.cpp">
      <Filter>Pliki źródłowe\dumper\instances</Filter>
    </ClCompile>
    <ClCompile Include="src\dumper\value_search\value_search_scanner.cpp">
      <Filter>Pliki źródłowe\dumper\value_search</Filter>
    </ClCompile>
    <ClCompile Include="src\dumper\value_search\value_search_value_passes.cpp">
      <Filter>Pliki źródłowe\dumper\value_search</Filter>
    </ClCompile>
    <ClCompile Include="src\dumper\value_search\value_search_scan_expand.cpp">
      <Filter>Pliki źródłowe\dumper\value_search</Filter>
    </ClCompile>
    <ClCompile Include="src\dumper\value_search\value_search_schema_cache.cpp">
      <Filter>Pliki źródłowe\dumper\value_search</Filter>
    </ClCompile>
    <ClCompile Include="src\dumper\value_search\value_search_nested_leaves.cpp">
      <Filter>Pliki źródłowe\dumper\value_search</Filter>
    </ClCompile>
    <ClCompile Include="src\dumper\value_search\value_search_element_leaves.cpp">
      <Filter>Pliki źródłowe\dumper\value_search</Filter>
    </ClCompile>
    <ClCompile Include="src\dumper\value_search\value_search_ptr_follow.cpp">
      <Filter>Pliki źródłowe\dumper\value_search</Filter>
    </ClCompile>
    <ClCompile Include="src\dumper\invoke\method_invoker.cpp">
      <Filter>Pliki źródłowe\dumper\invoke</Filter>
    </ClCompile>
    <ClCompile Include="src\dumper\invoke\invoke_param_policy.cpp">
      <Filter>Pliki źródłowe\dumper\invoke</Filter>
    </ClCompile>
    <ClCompile Include="src\gui\control_panel.cpp">
      <Filter>Pliki źródłowe\gui</Filter>
    </ClCompile>
    <ClCompile Include="src\gui\chrome\ui_icons.cpp">
      <Filter>Pliki źródłowe\gui\chrome</Filter>
    </ClCompile>
    <ClCompile Include="src\gui\chrome\ui_theme.cpp">
      <Filter>Pliki źródłowe\gui\chrome</Filter>
    </ClCompile>
    <ClCompile Include="src\presets\preset_registry.cpp">
      <Filter>Pliki źródłowe\presets</Filter>
    </ClCompile>
    <ClCompile Include="src\presets\dane\dane.cpp">
      <Filter>Pliki źródłowe\presets\dane</Filter>
    </ClCompile>
    <ClCompile Include="src\presets\knight\knight.cpp">
      <Filter>Pliki źródłowe\presets\knight</Filter>
    </ClCompile>
    <ClCompile Include="src\presets\subjects\subjects.cpp">
      <Filter>Pliki źródłowe\presets\subjects</Filter>
    </ClCompile>
    <ClCompile Include="src\unity_dumper.cpp">
      <Filter>Pliki źródłowe</Filter>
    </ClCompile>
    <ClCompile Include="src\gui\session_state.cpp">
      <Filter>Pliki źródłowe\gui</Filter>
    </ClCompile>
    <ClCompile Include="src\gui\window.cpp">
      <Filter>Pliki źródłowe\gui</Filter>
    </ClCompile>
    <ClCompile Include="src\types\memory_guard.cpp">
      <Filter>Pliki źródłowe\types</Filter>
    </ClCompile>
    <ClCompile Include="src\types\type_classifier.cpp">
      <Filter>Pliki źródłowe\types</Filter>
    </ClCompile>
    <ClCompile Include="src\types\name_fuzzy.cpp">
      <Filter>Pliki źródłowe\types</Filter>
    </ClCompile>
    <ClCompile Include="src\types\value_decoder.cpp">
      <Filter>Pliki źródłowe\types</Filter>
    </ClCompile>
    <ClCompile Include="src\types\value_writer.cpp">
      <Filter>Pliki źródłowe\types</Filter>
    </ClCompile>
    <ClCompile Include="src\services\main_thread_dispatcher.cpp">
      <Filter>Pliki źródłowe\services</Filter>
    </ClCompile>
    <ClCompile Include="src\gui\infra\dx11_renderer.cpp">
      <Filter>Pliki źródłowe\gui\infra</Filter>
    </ClCompile>
    <ClCompile Include="src\gui\infra\message_pump.cpp">
      <Filter>Pliki źródłowe\gui\infra</Filter>
    </ClCompile>
    <ClCompile Include="src\gui\infra\search_filter.cpp">
      <Filter>Pliki źródłowe\gui\infra</Filter>
    </ClCompile>
    <ClCompile Include="src\gui\app\app_shell.cpp">
      <Filter>Pliki źródłowe\gui\app</Filter>
    </ClCompile>
    <ClCompile Include="src\gui\views\sidebar\image_picker.cpp">
      <Filter>Pliki źródłowe\gui\views\sidebar</Filter>
    </ClCompile>
    <ClCompile Include="src\gui\views\sidebar\class_browser.cpp">
      <Filter>Pliki źródłowe\gui\views\sidebar</Filter>
    </ClCompile>
    <ClCompile Include="src\gui\views\sidebar\search_browser.cpp">
      <Filter>Pliki źródłowe\gui\views\sidebar</Filter>
    </ClCompile>
    <ClCompile Include="src\gui\views\sidebar\methods_browser.cpp">
      <Filter>Pliki źródłowe\gui\views\sidebar</Filter>
    </ClCompile>
    <ClCompile Include="src\gui\views\sidebar\class_label_lookup.cpp">
      <Filter>Pliki źródłowe\gui\views\sidebar</Filter>
    </ClCompile>
    <ClCompile Include="src\gui\views\inspector\inspector_frame.cpp">
      <Filter>Pliki źródłowe\gui\views\inspector</Filter>
    </ClCompile>
    <ClCompile Include="src\gui\views\inspector\breadcrumb_bar.cpp">
      <Filter>Pliki źródłowe\gui\views\inspector</Filter>
    </ClCompile>
    <ClCompile Include="src\gui\views\inspector\methods_tab.cpp">
      <Filter>Pliki źródłowe\gui\views\inspector</Filter>
    </ClCompile>
    <ClCompile Include="src\gui\views\inspector\dispatch_status.cpp">
      <Filter>Pliki źródłowe\gui\views\inspector</Filter>
    </ClCompile>
    <ClCompile Include="src\gui\views\inspector\invoke_args_modal.cpp">
      <Filter>Pliki źródłowe\gui\views\inspector</Filter>
    </ClCompile>
    <ClCompile Include="src\gui\views\inspector\fields_tab.cpp">
      <Filter>Pliki źródłowe\gui\views\inspector</Filter>
    </ClCompile>
    <ClCompile Include="src\gui\views\inspector\analysis_tab.cpp">
      <Filter>Pliki źródłowe\gui\views\inspector</Filter>
    </ClCompile>
    <ClCompile Include="src\gui\views\fields\field_analysis_toolbar.cpp">
      <Filter>Pliki źródłowe\gui\views\fields</Filter>
    </ClCompile>
    <ClCompile Include="src\gui\views\fields\field_compare_modal.cpp">
      <Filter>Pliki źródłowe\gui\views\fields</Filter>
    </ClCompile>
    <ClCompile Include="src\gui\views\fields\field_edit_cells.cpp">
      <Filter>Pliki źródłowe\gui\views\fields</Filter>
    </ClCompile>
    <ClCompile Include="src\gui\views\dock\exporter_tab.cpp">
      <Filter>Pliki źródłowe\gui\views\dock</Filter>
    </ClCompile>
    <ClCompile Include="src\gui\views\transform\transform_editor_panel.cpp">
      <Filter>Pliki źródłowe\gui\views\transform</Filter>
    </ClCompile>
    <ClCompile Include="src\gui\views\transform\transform_sources_panel.cpp">
      <Filter>Pliki źródłowe\gui\views\transform</Filter>
    </ClCompile>
    <ClCompile Include="src\gui\views\transform\transform_tab.cpp">
      <Filter>Pliki źródłowe\gui\views\transform</Filter>
    </ClCompile>
    <ClCompile Include="src\gui\state\transform\transform_discovery.cpp">
      <Filter>Pliki źródłowe\gui\state\transform</Filter>
    </ClCompile>
    <ClCompile Include="src\gui\state\transform\transform_fetch_apply.cpp">
      <Filter>Pliki źródłowe\gui\state\transform</Filter>
    </ClCompile>
    <ClCompile Include="src\gui\state\transform\transform_model.cpp">
      <Filter>Pliki źródłowe\gui\state\transform</Filter>
    </ClCompile>
    <ClCompile Include="src\gui\state\transform\transform_unity_helpers.cpp">
      <Filter>Pliki źródłowe\gui\state\transform</Filter>
    </ClCompile>
    <ClCompile Include="src\gui\state\core\image_cache_model.cpp">
      <Filter>Pliki źródłowe\gui\state\core</Filter>
    </ClCompile>
    <ClCompile Include="src\gui\state\core\class_cache_model.cpp">
      <Filter>Pliki źródłowe\gui\state\core</Filter>
    </ClCompile>
    <ClCompile Include="src\gui\state\core\inspector_model.cpp">
      <Filter>Pliki źródłowe\gui\state\core</Filter>
    </ClCompile>
    <ClCompile Include="src\gui\state\runtime\async_loader_set.cpp">
      <Filter>Pliki źródłowe\gui\state\runtime</Filter>
    </ClCompile>
    <ClCompile Include="src\gui\state\runtime\value_search_loader.cpp">
      <Filter>Pliki źródłowe\gui\state\runtime</Filter>
    </ClCompile>
    <ClCompile Include="src\gui\state\runtime\method_search_loader.cpp">
      <Filter>Pliki źródłowe\gui\state\runtime</Filter>
    </ClCompile>
    <ClCompile Include="src\gui\state\navigation\walker_controller.cpp">
      <Filter>Pliki źródłowe\gui\state\navigation</Filter>
    </ClCompile>
    <ClCompile Include="src\gui\state\runtime\invoke_request_queue.cpp">
      <Filter>Pliki źródłowe\gui\state\runtime</Filter>
    </ClCompile>
    <ClCompile Include="src\gui\views\dock\bookmarks_tab.cpp">
      <Filter>Pliki źródłowe\gui\views\dock</Filter>
    </ClCompile>
    <ClCompile Include="src\gui\views\dock\history_tab.cpp">
      <Filter>Pliki źródłowe\gui\views\dock</Filter>
    </ClCompile>
    <ClCompile Include="src\gui\views\dock\watcher_tab.cpp">
      <Filter>Pliki źródłowe\gui\views\dock</Filter>
    </ClCompile>
    <ClCompile Include="src\gui\views\dock\call_logger_tab.cpp">
      <Filter>Pliki źródłowe\gui\views\dock</Filter>
    </ClCompile>
    <ClCompile Include="src\gui\views\dock\navigation_status_banner.cpp">
      <Filter>Pliki źródłowe\gui\views\dock</Filter>
    </ClCompile>
    <ClCompile Include="src\gui\views\dock\utilities_dock.cpp">
      <Filter>Pliki źródłowe\gui\views\dock</Filter>
    </ClCompile>
    <ClCompile Include="src\gui\views\dock\scripting_tab.cpp">
      <Filter>Pliki źródłowe\gui\views\dock</Filter>
    </ClCompile>
    <ClCompile Include="src\gui\state\navigation\history_validation.cpp">
      <Filter>Pliki źródłowe\gui\state\navigation</Filter>
    </ClCompile>
    <ClCompile Include="src\gui\state\fields\field_path_resolver.cpp">
      <Filter>Pliki źródłowe\gui\state\fields</Filter>
    </ClCompile>
    <ClCompile Include="src\gui\state\fields\field_snapshot_model.cpp">
      <Filter>Pliki źródłowe\gui\state\fields</Filter>
    </ClCompile>
    <ClCompile Include="src\gui\state\fields\field_watch_model.cpp">
      <Filter>Pliki źródłowe\gui\state\fields</Filter>
    </ClCompile>
    <ClCompile Include="src\gui\state\runtime\call_log_model.cpp">
      <Filter>Pliki źródłowe\gui\state\runtime</Filter>
    </ClCompile>
    <ClCompile Include="src\gui\state\runtime\script_model.cpp">
      <Filter>Pliki źródłowe\gui\state\runtime</Filter>
    </ClCompile>
    <ClCompile Include="src\gui\state\runtime\session_persist.cpp">
      <Filter>Pliki źródłowe\gui\state\runtime</Filter>
    </ClCompile>
    <ClCompile Include="src\gui\state\history\inspector_bookmarks_model.cpp">
      <Filter>Pliki źródłowe\gui\state\history</Filter>
    </ClCompile>
    <ClCompile Include="src\gui\state\history\inspector_history_model.cpp">
      <Filter>Pliki źródłowe\gui\state\history</Filter>
    </ClCompile>
    <ClCompile Include="src\gui\state\history\inspector_history_restore.cpp">
      <Filter>Pliki źródłowe\gui\state\history</Filter>
    </ClCompile>
    <ClCompile Include="src\gui\state\navigation\inspector_navigation_feedback.cpp">
      <Filter>Pliki źródłowe\gui\state\navigation</Filter>
    </ClCompile>
    <ClCompile Include="src\gui\state\core\image_selection.cpp">
      <Filter>Pliki źródłowe\gui\state\core</Filter>
    </ClCompile>
    <ClCompile Include="src\dumper\export\sdk_exporter.cpp">
      <Filter>Pliki źródłowe\dumper\export</Filter>
    </ClCompile>
  </ItemGroup>
  <ItemGroup>
    <None Include="docs\examples\README.md">
      <Filter>Pliki dokumentów\docs\examples</Filter>
    </None>
    <None Include="docs\examples\Scripting-Guide.md">
      <Filter>Pliki dokumentów\docs\examples</Filter>
    </None>
    <None Include="docs\examples\Manifest-Schema.md">
      <Filter>Pliki dokumentów\docs\examples</Filter>
    </None>
    <None Include="docs\examples\manifest.template.json">
      <Filter>Pliki dokumentów\docs\examples</Filter>
    </None>
    <None Include="docs\examples\manifest.curated.template.json">
      <Filter>Pliki dokumentów\docs\examples</Filter>
    </None>
    <None Include="docs\examples\packages\curated-offset-read\main.lua">
      <Filter>Pliki dokumentów\docs\examples\packages\curated-offset-read</Filter>
    </None>
    <None Include="docs\examples\packages\curated-offset-read\manifest.json">
      <Filter>Pliki dokumentów\docs\examples\packages\curated-offset-read</Filter>
    </None>
    <None Include="docs\examples\packages\field-watcher\main.lua">
      <Filter>Pliki dokumentów\docs\examples\packages\field-watcher</Filter>
    </None>
    <None Include="docs\examples\packages\field-watcher\manifest.json">
      <Filter>Pliki dokumentów\docs\examples\packages\field-watcher</Filter>
    </None>
    <None Include="docs\examples\packages\heal-below-threshold\main.lua">
      <Filter>Pliki dokumentów\docs\examples\packages\heal-below-threshold</Filter>
    </None>
    <None Include="docs\examples\packages\heal-below-threshold\manifest.json">
      <Filter>Pliki dokumentów\docs\examples\packages\heal-below-threshold</Filter>
    </None>
    <None Include="docs\examples\packages\invoke-method\main.lua">
      <Filter>Pliki dokumentów\docs\examples\packages\invoke-method</Filter>
    </None>
    <None Include="docs\examples\packages\invoke-method\manifest.json">
      <Filter>Pliki dokumentów\docs\examples\packages\invoke-method</Filter>
    </None>
    <None Include="docs\examples\packages\list-instances\main.lua">
      <Filter>Pliki dokumentów\docs\examples\packages\list-instances</Filter>
    </None>
    <None Include="docs\examples\packages\list-instances\manifest.json">
      <Filter>Pliki dokumentów\docs\examples\packages\list-instances</Filter>
    </None>
    <None Include="docs\examples\packages\metadata-lookup\main.lua">
      <Filter>Pliki dokumentów\docs\examples\packages\metadata-lookup</Filter>
    </None>
    <None Include="docs\examples\packages\metadata-lookup\manifest.json">
      <Filter>Pliki dokumentów\docs\examples\packages\metadata-lookup</Filter>
    </None>
  </ItemGroup>
</Project>